
Microsoft Visual Studio Solution File, Format Version 12.00
# Visual Studio Version 17
VisualStudioVersion = 17.8.34511.84
MinimumVisualStudioVersion = 10.0.40219.1
Project("{2150E333-8FDC-42A3-9474-1A3956D46DE8}") = "Services", "Services", "{6E44E469-6E65-429B-B9BA-B47ADA47C083}"
EndProject
Project("{2150E333-8FDC-42A3-9474-1A3956D46DE8}") = "Catalog", "Catalog", "{AE42F017-8120-4B8F-9C74-A349FE131B48}"
EndProject
Project("{9A19103F-16F7-4668-BE54-9A1E7A4F7556}") = "Catalog.API", "Services\Catalog\Catalog.API\Catalog.API.csproj", "{9E830C1A-23FC-45A9-97AD-199A42EFCF68}"
EndProject
Project("{2150E333-8FDC-42A3-9474-1A3956D46DE8}") = "BuildingBlocks", "BuildingBlocks", "{06644C00-79C1-435C-BC29-62B237AEF4C0}"
EndProject
Project("{9A19103F-16F7-4668-BE54-9A1E7A4F7556}") = "BuildingBlocks", "BuildingBlocks\BuildingBlocks\BuildingBlocks.csproj", "{CB91F344-CB70-47A9-A1D1-4F41A87B0306}"
EndProject
Project("{E53339B2-1760-4266-BCC7-CA923CBCF16C}") = "docker-compose", "docker-compose.dcproj", "{B29861C9-33B9-45E9-83A5-05B7EFCE75F0}"
EndProject
Global
	GlobalSection(SolutionConfigurationPlatforms) = preSolution
		Debug|Any CPU = Debug|Any CPU
		Release|Any CPU = Release|Any CPU
	EndGlobalSection
	GlobalSection(ProjectConfigurationPlatforms) = postSolution
		{9E830C1A-23FC-45A9-97AD-199A42EFCF68}.Debug|Any CPU.ActiveCfg = Debug|Any CPU
		{9E830C1A-23FC-45A9-97AD-199A42EFCF68}.Debug|Any CPU.Build.0 = Debug|Any CPU
		{9E830C1A-23FC-45A9-97AD-199A42EFCF68}.Release|Any CPU.ActiveCfg = Release|Any CPU
		{9E830C1A-23FC-45A9-97AD-199A42EFCF68}.Release|Any CPU.Build.0 = Release|Any CPU
		{CB91F344-CB70-47A9-A1D1-4F41A87B0306}.Debug|Any CPU.ActiveCfg = Debug|Any CPU
		{CB91F344-CB70-47A9-A1D1-4F41A87B0306}.Debug|Any CPU.Build.0 = Debug|Any CPU
		{CB91F344-CB70-47A9-A1D1-4F41A87B0306}.Release|Any CPU.ActiveCfg = Release|Any CPU
		{CB91F344-CB70-47A9-A1D1-4F41A87B0306}.Release|Any CPU.Build.0 = Release|Any CPU
		{B29861C9-33B9-45E9-83A5-05B7EFCE75F0}.Debug|Any CPU.ActiveCfg = Debug|Any CPU
		{B29861C9-33B9-45E9-83A5-05B7EFCE75F0}.Debug|Any CPU.Build.0 = Debug|Any CPU
		{B29861C9-33B9-45E9-83A5-05B7EFCE75F0}.Release|Any CPU.ActiveCfg = Release|Any CPU
		{B29861C9-33B9-45E9-83A5-05B7EFCE75F0}.Release|Any CPU.Build.0 = Release|Any CPU
	EndGlobalSection
	GlobalSection(SolutionProperties) = preSolution
		HideSolutionNode = FALSE
	EndGlobalSection
	GlobalSection(NestedProjects) = preSolution
		{AE42F017-8120-4B8F-9C74-A349FE131B48} = {6E44E469-6E65-429B-B9BA-B47ADA47C083}
		{9E830C1A-23FC-45A9-97AD-199A42EFCF68} = {AE42F017-8120-4B8F-9C74-A349FE131B48}
		{CB91F344-CB70-47A9-A1D1-4F41A87B0306} = {06644C00-79C1-435C-BC29-62B237AEF4C0}
	EndGlobalSection
	GlobalSection(ExtensibilityGlobals) = postSolution
		SolutionGuid = {EF200376-A6FC-4310-965A-3B86339A4451}
	EndGlobalSection
EndGlobal
